// !$*UTF8*$!
{
	archiveVersion = 1;
	classes = {
	};
	objectVersion = 56;
	objects = {

/* Begin PBXBuildFile section */
		32E5CBE4733412EAC36776F9 /* Pods_Age_Calculator.framework in Frameworks */ = {isa = PBXBuildFile; fileRef = 36D0DFF4341631D19057DA6D /* Pods_Age_Calculator.framework */; };
		5BE367BD2A03D47100A7D885 /* AppDelegate.swift in Sources */ = {isa = PBXBuildFile; fileRef = 5BE367BC2A03D47100A7D885 /* AppDelegate.swift */; };
		5BE367BF2A03D47100A7D885 /* SceneDelegate.swift in Sources */ = {isa = PBXBuildFile; fileRef = 5BE367BE2A03D47100A7D885 /* SceneDelegate.swift */; };
		5BE367C12A03D47100A7D885 /* ViewController.swift in Sources */ = {isa = PBXBuildFile; fileRef = 5BE367C02A03D47100A7D885 /* ViewController.swift */; };
		5BE367C42A03D47100A7D885 /* Main.storyboard in Resources */ = {isa = PBXBuildFile; fileRef = 5BE367C22A03D47100A7D885 /* Main.storyboard */; };
		5BE367C62A03D47300A7D885 /* Assets.xcassets in Resources */ = {isa = PBXBuildFile; fileRef = 5BE367C52A03D47300A7D885 /* Assets.xcassets */; };
		5BE367C92A03D47300A7D885 /* LaunchScreen.storyboard in Resources */ = {isa = PBXBuildFile; fileRef = 5BE367C72A03D47300A7D885 /* LaunchScreen.storyboard */; };
		5BE368AA2A03D8E700A7D885 /* CustomView.swift in Sources */ = {isa = PBXBuildFile; fileRef = 5BE368A42A03D8E700A7D885 /* CustomView.swift */; };
		5BE368AB2A03D8E700A7D885 /* CustomButton.swift in Sources */ = {isa = PBXBuildFile; fileRef = 5BE368A52A03D8E700A7D885 /* CustomButton.swift */; };
		5BE368AC2A03D8E700A7D885 /* CustomTextField.swift in Sources */ = {isa = PBXBuildFile; fileRef = 5BE368A62A03D8E700A7D885 /* CustomTextField.swift */; };
		5BE368AF2A0418E100A7D885 /* DetailViewController.swift in Sources */ = {isa = PBXBuildFile; fileRef = 5BE368AE2A0418E100A7D885 /* DetailViewController.swift */; };
/* End PBXBuildFile section */

/* Begin PBXFileReference section */
		0B76129EBB2E647CBC79D750 /* Pods-Age Calculator.release.xcconfig */ = {isa = PBXFileReference; includeInIndex = 1; lastKnownFileType = text.xcconfig; name = "Pods-Age Calculator.release.xcconfig"; path = "Target Support Files/Pods-Age Calculator/Pods-Age Calculator.release.xcconfig"; sourceTree = "<group>"; };
		36D0DFF4341631D19057DA6D /* Pods_Age_Calculator.framework */ = {isa = PBXFileReference; explicitFileType = wrapper.framework; includeInIndex = 0; path = Pods_Age_Calculator.framework; sourceTree = BUILT_PRODUCTS_DIR; };
		58FC46D96A7B83D6431CB4B2 /* Pods-Age Calculator.debug.xcconfig */ = {isa = PBXFileReference; includeInIndex = 1; lastKnownFileType = text.xcconfig; name = "Pods-Age Calculator.debug.xcconfig"; path = "Target Support Files/Pods-Age Calculator/Pods-Age Calculator.debug.xcconfig"; sourceTree = "<group>"; };
		5BE367B92A03D47100A7D885 /* Age Calculator.app */ = {isa = PBXFileReference; explicitFileType = wrapper.application; includeInIndex = 0; path = "Age Calculator.app"; sourceTree = BUILT_PRODUCTS_DIR; };
		5BE367BC2A03D47100A7D885 /* AppDelegate.swift */ = {isa = PBXFileReference; lastKnownFileType = sourcecode.swift; path = AppDelegate.swift; sourceTree = "<group>"; };
		5BE367BE2A03D47100A7D885 /* SceneDelegate.swift */ = {isa = PBXFileReference; lastKnownFileType = sourcecode.swift; path = SceneDelegate.swift; sourceTree = "<group>"; };
		5BE367C02A03D47100A7D885 /* ViewController.swift */ = {isa = PBXFileReference; lastKnownFileType = sourcecode.swift; path = ViewController.swift; sourceTree = "<group>"; };
		5BE367C32A03D47100A7D885 /* Base */ = {isa = PBXFileReference; lastKnownFileType = file.storyboard; name = Base; path = Base.lproj/Main.storyboard; sourceTree = "<group>"; };
		5BE367C52A03D47300A7D885 /* Assets.xcassets */ = {isa = PBXFileReference; lastKnownFileType = folder.assetcatalog; path = Assets.xcassets; sourceTree = "<group>"; };
		5BE367C82A03D47300A7D885 /* Base */ = {isa = PBXFileReference; lastKnownFileType = file.storyboard; name = Base; path = Base.lproj/LaunchScreen.storyboard; sourceTree = "<group>"; };
		5BE367CA2A03D47300A7D885 /* Info.plist */ = {isa = PBXFileReference; lastKnownFileType = text.plist.xml; path = Info.plist; sourceTree = "<group>"; };
		5BE368A42A03D8E700A7D885 /* CustomView.swift */ = {isa = PBXFileReference; fileEncoding = 4; lastKnownFileType = sourcecode.swift; path = CustomView.swift; sourceTree = "<group>"; };
		5BE368A52A03D8E700A7D885 /* CustomButton.swift */ = {isa = PBXFileReference; fileEncoding = 4; lastKnownFileType = sourcecode.swift; path = CustomButton.swift; sourceTree = "<group>"; };
		5BE368A62A03D8E700A7D885 /* CustomTextField.swift */ = {isa = PBXFileReference; fileEncoding = 4; lastKnownFileType = sourcecode.swift; path = CustomTextField.swift; sourceTree = "<group>"; };
		5BE368AE2A0418E100A7D885 /* DetailViewController.swift */ = {isa = PBXFileReference; lastKnownFileType = sourcecode.swift; path = DetailViewController.swift; sourceTree = "<group>"; };
/* End PBXFileReference section */

/* Begin PBXFrameworksBuildPhase section */
		5BE367B62A03D47100A7D885 /* Frameworks */ = {
			isa = PBXFrameworksBuildPhase;
			buildActionMask = 2147483647;
			files = (
				32E5CBE4733412EAC36776F9 /* Pods_Age_Calculator.framework in Frameworks */,
			);
			runOnlyForDeploymentPostprocessing = 0;
		};
/* End PBXFrameworksBuildPhase section */

/* Begin PBXGroup section */
		50819C1E379AF4EEAFA59613 /* Frameworks */ = {
			isa = PBXGroup;
			children = (
				36D0DFF4341631D19057DA6D /* Pods_Age_Calculator.framework */,
			);
			name = Frameworks;
			sourceTree = "<group>";
		};
		5BE367B02A03D47100A7D885 = {
			isa = PBXGroup;
			children = (
				5BE367BB2A03D47100A7D885 /* Age Calculator */,
				5BE367BA2A03D47100A7D885 /* Products */,
				8D2AFA24F7AD9EE9E555ECC8 /* Pods */,
				50819C1E379AF4EEAFA59613 /* Frameworks */,
			);
			sourceTree = "<group>";
		};
		5BE367BA2A03D47100A7D885 /* Products */ = {
			isa = PBXGroup;
			children = (
				5BE367B92A03D47100A7D885 /* Age Calculator.app */,
			);
			name = Products;
			sourceTree = "<group>";
		};
		5BE367BB2A03D47100A7D885 /* Age Calculator */ = {
			isa = PBXGroup;
			children = (
				5BE368A32A03D8E700A7D885 /* Custom Controls */,
				5BE367BC2A03D47100A7D885 /* AppDelegate.swift */,
				5BE367BE2A03D47100A7D885 /* SceneDelegate.swift */,
				5BE367C02A03D47100A7D885 /* ViewController.swift */,
				5BE368AE2A0418E100A7D885 /* DetailViewController.swift */,
				5BE367C22A03D47100A7D885 /* Main.storyboard */,
				5BE367C52A03D47300A7D885 /* Assets.xcassets */,
				5BE367C72A03D47300A7D885 /* LaunchScreen.storyboard */,
				5BE367CA2A03D47300A7D885 /* Info.plist */,
			);
			path = "Age Calculator";
			sourceTree = "<group>";
		};
		5BE368A32A03D8E700A7D885 /* Custom Controls */ = {
			isa = PBXGroup;
			children = (
				5BE368A42A03D8E700A7D885 /* CustomView.swift */,
				5BE368A52A03D8E700A7D885 /* CustomButton.swift */,
				5BE368A62A03D8E700A7D885 /* CustomTextField.swift */,
			);
			path = "Custom Controls";
			sourceTree = "<group>";
		};
		8D2AFA24F7AD9EE9E555ECC8 /* Pods */ = {
			isa = PBXGroup;
			children = (
				58FC46D96A7B83D6431CB4B2 /* Pods-Age Calculator.debug.xcconfig */,
				0B76129EBB2E647CBC79D750 /* Pods-Age Calculator.release.xcconfig */,
			);
			path = Pods;
			sourceTree = "<group>";
		};
/* End PBXGroup section */

/* Begin PBXNativeTarget section */
		5BE367B82A03D47100A7D885 /* Age Calculator */ = {
			isa = PBXNativeTarget;
			buildConfigurationList = 5BE367CD2A03D47300A7D885 /* Build configuration list for PBXNativeTarget "Age Calculator" */;
			buildPhases = (
				5CE6AD4360E14DC94B88EC59 /* [CP] Check Pods Manifest.lock */,
				5BE367B52A03D47100A7D885 /* Sources */,
				5BE367B62A03D47100A7D885 /* Frameworks */,
				5BE367B72A03D47100A7D885 /* Resources */,
				48EA212095618317B51706DF /* [CP] Embed Pods Frameworks */,
			);
			buildRules = (
			);
			dependencies = (
			);
			name = "Age Calculator";
			productName = "Age Calculator";
			productReference = 5BE367B92A03D47100A7D885 /* Age Calculator.app */;
			productType = "com.apple.product-type.application";
		};
/* End PBXNativeTarget section */

/* Begin PBXProject section */
		5BE367B12A03D47100A7D885 /* Project object */ = {
			isa = PBXProject;
			attributes = {
				BuildIndependentTargetsInParallel = 1;
				LastSwiftUpdateCheck = 1420;
				LastUpgradeCheck = 1420;
				TargetAttributes = {
					5BE367B82A03D47100A7D885 = {
						CreatedOnToolsVersion = 14.2;
					};
				};
			};
			buildConfigurationList = 5BE367B42A03D47100A7D885 /* Build configuration list for PBXProject "Age Calculator" */;
			compatibilityVersion = "Xcode 14.0";
			developmentRegion = en;
			hasScannedForEncodings = 0;
			knownRegions = (
				en,
				Base,
			);
			mainGroup = 5BE367B02A03D47100A7D885;
			productRefGroup = 5BE367BA2A03D47100A7D885 /* Products */;
			projectDirPath = "";
			projectRoot = "";
			targets = (
				5BE367B82A03D47100A7D885 /* Age Calculator */,
			);
		};
/* End PBXProject section */

/* Begin PBXResourcesBuildPhase section */
		5BE367B72A03D47100A7D885 /* Resources */ = {
			isa = PBXResourcesBuildPhase;
			buildActionMask = 2147483647;
			files = (
				5BE367C92A03D47300A7D885 /* LaunchScreen.storyboard in Resources */,
				5BE367C62A03D47300A7D885 /* Assets.xcassets in Resources */,
				5BE367C42A03D47100A7D885 /* Main.storyboard in Resources */,
			);
			runOnlyForDeploymentPostprocessing = 0;
		};
/* End PBXResourcesBuildPhase section */

/* Begin PBXShellScriptBuildPhase section */
		48EA212095618317B51706DF /* [CP] Embed Pods Frameworks */ = {
			isa = PBXShellScriptBuildPhase;
			buildActionMask = 2147483647;
			files = (
			);
			inputFileListPaths = (
				"${PODS_ROOT}/Target Support Files/Pods-Age Calculator/Pods-Age Calculator-frameworks-${CONFIGURATION}-input-files.xcfilelist",
			);
			name = "[CP] Embed Pods Frameworks";
			outputFileListPaths = (
				"${PODS_ROOT}/Target Support Files/Pods-Age Calculator/Pods-Age Calculator-frameworks-${CONFIGURATION}-output-files.xcfilelist",
			);
			runOnlyForDeploymentPostprocessing = 0;
			shellPath = /bin/sh;
			shellScript = "\"${PODS_ROOT}/Target Support Files/Pods-Age Calculator/Pods-Age Calculator-frameworks.sh\"\n";
			showEnvVarsInLog = 0;
		};
		5CE6AD4360E14DC94B88EC59 /* [CP] Check Pods Manifest.lock */ = {
			isa = PBXShellScriptBuildPhase;
			buildActionMask = 2147483647;
			files = (
			);
			inputFileListPaths = (
			);
			inputPaths = (
				"${PODS_PODFILE_DIR_PATH}/Podfile.lock",
				"${PODS_ROOT}/Manifest.lock",
			);
			name = "[CP] Check Pods Manifest.lock";
			outputFileListPaths = (
			);
			outputPaths = (
				"$(DERIVED_FILE_DIR)/Pods-Age Calculator-checkManifestLockResult.txt",
			);
			runOnlyForDeploymentPostprocessing = 0;
			shellPath = /bin/sh;
			shellScript = "diff \"${PODS_PODFILE_DIR_PATH}/Podfile.lock\" \"${PODS_ROOT}/Manifest.lock\" > /dev/null\nif [ $? != 0 ] ; then\n    # print error to STDERR\n    echo \"error: The sandbox is not in sync with the Podfile.lock. Run 'pod install' or update your CocoaPods installation.\" >&2\n    exit 1\nfi\n# This output is used by Xcode 'outputs' to avoid re-running this script phase.\necho \"SUCCESS\" > \"${SCRIPT_OUTPUT_FILE_0}\"\n";
			showEnvVarsInLog = 0;
		};
/* End PBXShellScriptBuildPhase section */

/* Begin PBXSourcesBuildPhase section */
		5BE367B52A03D47100A7D885 /* Sources */ = {
			isa = PBXSourcesBuildPhase;
			buildActionMask = 2147483647;
			files = (
				5BE368AC2A03D8E700A7D885 /* CustomTextField.swift in Sources */,
				5BE368AA2A03D8E700A7D885 /* CustomView.swift in Sources */,
				5BE367C12A03D47100A7D885 /* ViewController.swift in Sources */,
				5BE368AB2A03D8E700A7D885 /* CustomButton.swift in Sources */,
				5BE367BD2A03D47100A7D885 /* AppDelegate.swift in Sources */,
				5BE367BF2A03D47100A7D885 /* SceneDelegate.swift in Sources */,
				5BE368AF2A0418E100A7D885 /* DetailViewController.swift in Sources */,
			);
			runOnlyForDeploymentPostprocessing = 0;
		};
/* End PBXSourcesBuildPhase section */

/* Begin PBXVariantGroup section */
		5BE367C22A03D47100A7D885 /* Main.storyboard */ = {
			isa = PBXVariantGroup;
			children = (
				5BE367C32A03D47100A7D885 /* Base */,
			);
			name = Main.storyboard;
			sourceTree = "<group>";
		};
		5BE367C72A03D47300A7D885 /* LaunchScreen.storyboard */ = {
			isa = PBXVariantGroup;
			children = (
				5BE367C82A03D47300A7D885 /* Base */,
			);
			name = LaunchScreen.storyboard;
			sourceTree = "<group>";
		};
/* End PBXVariantGroup section */

/* Begin XCBuildConfiguration section */
		5BE367CB2A03D47300A7D885 /* Debug */ = {
			isa = XCBuildConfiguration;
			buildSettings = {
				ALWAYS_SEARCH_USER_PATHS = NO;
				CLANG_ANALYZER_NONNULL = YES;
				CLANG_ANALYZER_NUMBER_OBJECT_CONVERSION = YES_AGGRESSIVE;
				CLANG_CXX_LANGUAGE_STANDARD = "gnu++20";
				CLANG_ENABLE_MODULES = YES;
				CLANG_ENABLE_OBJC_ARC = YES;
				CLANG_ENABLE_OBJC_WEAK = YES;
				CLANG_WARN_BLOCK_CAPTURE_AUTORELEASING = YES;
				CLANG_WARN_BOOL_CONVERSION = YES;
				CLANG_WARN_COMMA = YES;
				CLANG_WARN_CONSTANT_CONVERSION = YES;
				CLANG_WARN_DEPRECATED_OBJC_IMPLEMENTATIONS = YES;
				CLANG_WARN_DIRECT_OBJC_ISA_USAGE = YES_ERROR;
				CLANG_WARN_DOCUMENTATION_COMMENTS = YES;
				CLANG_WARN_EMPTY_BODY = YES;
				CLANG_WARN_ENUM_CONVERSION = YES;
				CLANG_WARN_INFINITE_RECURSION = YES;
				CLANG_WARN_INT_CONVERSION = YES;
				CLANG_WARN_NON_LITERAL_NULL_CONVERSION = YES;
				CLANG_WARN_OBJC_IMPLICIT_RETAIN_SELF = YES;
				CLANG_WARN_OBJC_LITERAL_CONVERSION = YES;
				CLANG_WARN_OBJC_ROOT_CLASS = YES_ERROR;
				CLANG_WARN_QUOTED_INCLUDE_IN_FRAMEWORK_HEADER = YES;
				CLANG_WARN_RANGE_LOOP_ANALYSIS = YES;
				CLANG_WARN_STRICT_PROTOTYPES = YES;
				CLANG_WARN_SUSPICIOUS_MOVE = YES;
				CLANG_WARN_UNGUARDED_AVAILABILITY = YES_AGGRESSIVE;
				CLANG_WARN_UNREACHABLE_CODE = YES;
				CLANG_WARN__DUPLICATE_METHOD_MATCH = YES;
				COPY_PHASE_STRIP = NO;
				DEBUG_INFORMATION_FORMAT = dwarf;
				ENABLE_STRICT_OBJC_MSGSEND = YES;
				ENABLE_TESTABILITY = YES;
				GCC_C_LANGUAGE_STANDARD = gnu11;
				GCC_DYNAMIC_NO_PIC = NO;
				GCC_NO_COMMON_BLOCKS = YES;
				GCC_OPTIMIZATION_LEVEL = 0;
				GCC_PREPROCESSOR_DEFINITIONS = (
					"DEBUG=1",
					"$(inherited)",
				);
				GCC_WARN_64_TO_32_BIT_CONVERSION = YES;
				GCC_WARN_ABOUT_RETURN_TYPE = YES_ERROR;
				GCC_WARN_UNDECLARED_SELECTOR = YES;
				GCC_WARN_UNINITIALIZED_AUTOS = YES_AGGRESSIVE;
				GCC_WARN_UNUSED_FUNCTION = YES;
				GCC_WARN_UNUSED_VARIABLE = YES;
				IPHONEOS_DEPLOYMENT_TARGET = 16.2;
				MTL_ENABLE_DEBUG_INFO = INCLUDE_SOURCE;
				MTL_FAST_MATH = YES;
				ONLY_ACTIVE_ARCH = YES;
				SDKROOT = iphoneos;
				SWIFT_ACTIVE_COMPILATION_CONDITIONS = DEBUG;
				SWIFT_OPTIMIZATION_LEVEL = "-Onone";
			};
			name = Debug;
		};
		5BE367CC2A03D47300A7D885 /* Release */ = {
			isa = XCBuildConfiguration;
			buildSettings = {
				ALWAYS_SEARCH_USER_PATHS = NO;
				CLANG_ANALYZER_NONNULL = YES;
				CLANG_ANALYZER_NUMBER_OBJECT_CONVERSION = YES_AGGRESSIVE;
				CLANG_CXX_LANGUAGE_STANDARD = "gnu++20";
				CLANG_ENABLE_MODULES = YES;
				CLANG_ENABLE_OBJC_ARC = YES;
				CLANG_ENABLE_OBJC_WEAK = YES;
				CLANG_WARN_BLOCK_CAPTURE_AUTORELEASING = YES;
				CLANG_WARN_BOOL_CONVERSION = YES;
				CLANG_WARN_COMMA = YES;
				CLANG_WARN_CONSTANT_CONVERSION = YES;
				CLANG_WARN_DEPRECATED_OBJC_IMPLEMENTATIONS = YES;
				CLANG_WARN_DIRECT_OBJC_ISA_USAGE = YES_ERROR;
				CLANG_WARN_DOCUMENTATION_COMMENTS = YES;
				CLANG_WARN_EMPTY_BODY = YES;
				CLANG_WARN_ENUM_CONVERSION = YES;
				CLANG_WARN_INFINITE_RECURSION = YES;
				CLANG_WARN_INT_CONVERSION = YES;
				CLANG_WARN_NON_LITERAL_NULL_CONVERSION = YES;
				CLANG_WARN_OBJC_IMPLICIT_RETAIN_SELF = YES;
				CLANG_WARN_OBJC_LITERAL_CONVERSION = YES;
				CLANG_WARN_OBJC_ROOT_CLASS = YES_ERROR;
				CLANG_WARN_QUOTED_INCLUDE_IN_FRAMEWORK_HEADER = YES;
				CLANG_WARN_RANGE_LOOP_ANALYSIS = YES;
				CLANG_WARN_STRICT_PROTOTYPES = YES;
				CLANG_WARN_SUSPICIOUS_MOVE = YES;
				CLANG_WARN_UNGUARDED_AVAILABILITY = YES_AGGRESSIVE;
				CLANG_WARN_UNREACHABLE_CODE = YES;
				CLANG_WARN__DUPLICATE_METHOD_MATCH = YES;
				COPY_PHASE_STRIP = NO;
				DEBUG_INFORMATION_FORMAT = "dwarf-with-dsym";
				ENABLE_NS_ASSERTIONS = NO;
				ENABLE_STRICT_OBJC_MSGSEND = YES;
				GCC_C_LANGUAGE_STANDARD = gnu11;
				GCC_NO_COMMON_BLOCKS = YES;
				GCC_WARN_64_TO_32_BIT_CONVERSION = YES;
				GCC_WARN_ABOUT_RETURN_TYPE = YES_ERROR;
				GCC_WARN_UNDECLARED_SELECTOR = YES;
				GCC_WARN_UNINITIALIZED_AUTOS = YES_AGGRESSIVE;
				GCC_WARN_UNUSED_FUNCTION = YES;
				GCC_WARN_UNUSED_VARIABLE = YES;
				IPHONEOS_DEPLOYMENT_TARGET = 16.2;
				MTL_ENABLE_DEBUG_INFO = NO;
				MTL_FAST_MATH = YES;
				SDKROOT = iphoneos;
				SWIFT_COMPILATION_MODE = wholemodule;
				SWIFT_OPTIMIZATION_LEVEL = "-O";
				VALIDATE_PRODUCT = YES;
			};
			name = Release;
		};
		5BE367CE2A03D47300A7D885 /* Debug */ = {
			isa = XCBuildConfiguration;
			baseConfigurationReference = 58FC46D96A7B83D6431CB4B2 /* Pods-Age Calculator.debug.xcconfig */;
			buildSettings = {
				ASSETCATALOG_COMPILER_APPICON_NAME = AppIcon;
				ASSETCATALOG_COMPILER_GLOBAL_ACCENT_COLOR_NAME = AccentColor;
				CODE_SIGN_STYLE = Automatic;
				CURRENT_PROJECT_VERSION = 1;
				DEVELOPMENT_TEAM = 2T8ZX7X76S;
				GENERATE_INFOPLIST_FILE = YES;
				INFOPLIST_FILE = "Age Calculator/Info.plist";
				INFOPLIST_KEY_CFBundleDisplayName = "Age Master";
				INFOPLIST_KEY_UIApplicationSupportsIndirectInputEvents = YES;
				INFOPLIST_KEY_UILaunchStoryboardName = LaunchScreen;
				INFOPLIST_KEY_UIMainStoryboardFile = Main;
				INFOPLIST_KEY_UISupportedInterfaceOrientations_iPad = "UIInterfaceOrientationPortrait UIInterfaceOrientationPortraitUpsideDown UIInterfaceOrientationLandscapeLeft UIInterfaceOrientationLandscapeRight";
				INFOPLIST_KEY_UISupportedInterfaceOrientations_iPhone = "UIInterfaceOrientationPortrait UIInterfaceOrientationLandscapeLeft UIInterfaceOrientationLandscapeRight";
				IPHONEOS_DEPLOYMENT_TARGET = 11.0;
				LD_RUNPATH_SEARCH_PATHS = (
					"$(inherited)",
					"@executable_path/Frameworks",
				);
				MARKETING_VERSION = 1.0;
				PRODUCT_BUNDLE_IDENTIFIER = com.agecalculator.ios;
				PRODUCT_NAME = "$(TARGET_NAME)";
				SUPPORTED_PLATFORMS = "iphoneos iphonesimulator";
				SUPPORTS_MACCATALYST = NO;
				SUPPORTS_MAC_DESIGNED_FOR_IPHONE_IPAD = NO;
				SWIFT_EMIT_LOC_STRINGS = YES;
				SWIFT_VERSION = 5.0;
				TARGETED_DEVICE_FAMILY = 1;
			};
			name = Debug;
		};
		5BE367CF2A03D47300A7D885 /* Release */ = {
			isa = XCBuildConfiguration;
			baseConfigurationReference = 0B76129EBB2E647CBC79D750 /* Pods-Age Calculator.release.xcconfig */;
			buildSettings = {
				ASSETCATALOG_COMPILER_APPICON_NAME = AppIcon;
				ASSETCATALOG_COMPILER_GLOBAL_ACCENT_COLOR_NAME = AccentColor;
				CODE_SIGN_STYLE = Automatic;
				CURRENT_PROJECT_VERSION = 1;
				DEVELOPMENT_TEAM = 2T8ZX7X76S;
				GENERATE_INFOPLIST_FILE = YES;
				INFOPLIST_FILE = "Age Calculator/Info.plist";
				INFOPLIST_KEY_CFBundleDisplayName = "Age Master";
				INFOPLIST_KEY_UIApplicationSupportsIndirectInputEvents = YES;
				INFOPLIST_KEY_UILaunchStoryboardName = LaunchScreen;
				INFOPLIST_KEY_UIMainStoryboardFile = Main;
				INFOPLIST_KEY_UISupportedInterfaceOrientations_iPad = "UIInterfaceOrientationPortrait UIInterfaceOrientationPortraitUpsideDown UIInterfaceOrientationLandscapeLeft UIInterfaceOrientationLandscapeRight";
				INFOPLIST_KEY_UISupportedInterfaceOrientations_iPhone = "UIInterfaceOrientationPortrait UIInterfaceOrientationLandscapeLeft UIInterfaceOrientationLandscapeRight";
				IPHONEOS_DEPLOYMENT_TARGET = 11.0;
				LD_RUNPATH_SEARCH_PATHS = (
					"$(inherited)",
					"@executable_path/Frameworks",
				);
				MARKETING_VERSION = 1.0;
				PRODUCT_BUNDLE_IDENTIFIER = com.agecalculator.ios;
				PRODUCT_NAME = "$(TARGET_NAME)";
				SUPPORTED_PLATFORMS = "iphoneos iphonesimulator";
				SUPPORTS_MACCATALYST = NO;
				SUPPORTS_MAC_DESIGNED_FOR_IPHONE_IPAD = NO;
				SWIFT_EMIT_LOC_STRINGS = YES;
				SWIFT_VERSION = 5.0;
				TARGETED_DEVICE_FAMILY = 1;
			};
			name = Release;
		};
/* End XCBuildConfiguration section */

/* Begin XCConfigurationList section */
		5BE367B42A03D47100A7D885 /* Build configuration list for PBXProject "Age Calculator" */ = {
			isa = XCConfigurationList;
			buildConfigurations = (
				5BE367CB2A03D47300A7D885 /* Debug */,
				5BE367CC2A03D47300A7D885 /* Release */,
			);
			defaultConfigurationIsVisible = 0;
			defaultConfigurationName = Release;
		};
		5BE367CD2A03D47300A7D885 /* Build configuration list for PBXNativeTarget "Age Calculator" */ = {
			isa = XCConfigurationList;
			buildConfigurations = (
				5BE367CE2A03D47300A7D885 /* Debug */,
				5BE367CF2A03D47300A7D885 /* Release */,
			);
			defaultConfigurationIsVisible = 0;
			defaultConfigurationName = Release;
		};
/* End XCConfigurationList section */
	};
	rootObject = 5BE367B12A03D47100A7D885 /* Project object */;
}
